<?xml version="1.0" encoding="utf-8"?>
<Project ToolsVersion="4.0" xmlns="http://schemas.microsoft.com/developer/msbuild/2003">
  <ItemGroup>
    <Filter Include="Resource Files"/>
    <Filter Include="Source Files"/>
  </ItemGroup>
  <ItemGroup>
    <ClInclude Include="autoversion.h">
      <Filter>Source Files</Filter>
    </ClInclude>
    <ClInclude Include="BlockAllocator.h">
      <Filter>Source Files</Filter>
    </ClInclude>
    <ClInclude Include="Connection.h">
      <Filter>Source Files</Filter>
    </ClInclude>
    <ClInclude Include="DelayedException.h">
      <Filter>Source Files</Filter>
    </ClInclude>
    <ClInclude Include="NSession.h">
      <Filter>Source Files</Filter>
    </ClInclude>
    <ClInclude Include="resource.h">
      <Filter>Source Files</Filter>
    </ClInclude>
    <ClInclude Include="SessionPool.h">
      <Filter>Source Files</Filter>
    </ClInclude>
    <ClInclude Include="StdAfx.h">
      <Filter>Source Files</Filter>
    </ClInclude>
    <ClInclude Include="StringStore.h">
      <Filter>Source Files</Filter>
    </ClInclude>
    <ClInclude Include="TmpRowset.h">
      <Filter>Source Files</Filter>
    </ClInclude>
    <ClInclude Include="Utils.h">
      <Filter>Source Files</Filter>
    </ClInclude>
    <ClInclude Include="version.h">
      <Filter>Source Files</Filter>
    </ClInclude>
    <ClCompile Include="BlockAllocator.cpp">
      <Filter>Source Files</Filter>
    </ClCompile>
    <ClCompile Include="Connection.cpp">
      <Filter>Source Files</Filter>
    </ClCompile>
    <ClCompile Include="Connection_Blue.cpp">
      <Filter>Source Files</Filter>
    </ClCompile>
    <ClCompile Include="db.cpp">
      <Filter>Source Files</Filter>
    </ClCompile>
    <ClCompile Include="DelayedException.cpp">
      <Filter>Source Files</Filter>
    </ClCompile>
    <ClCompile Include="NSession.cpp">
      <Filter>Source Files</Filter>
    </ClCompile>
    <ClCompile Include="SessionPool.cpp">
      <Filter>Source Files</Filter>
    </ClCompile>
    <ClCompile Include="StdAfx.cpp">
      <Filter>Source Files</Filter>
    </ClCompile>
    <ClCompile Include="StringStore.cpp">
      <Filter>Source Files</Filter>
    </ClCompile>
    <ClCompile Include="TmpRowset.cpp">
      <Filter>Source Files</Filter>
    </ClCompile>
    <ClCompile Include="Utils.cpp">
      <Filter>Source Files</Filter>
    </ClCompile>
    <ResourceCompile Include="db.rc">
      <Filter>Resource Files</Filter>
    </ResourceCompile>
  </ItemGroup>
</Project>
